
Microsoft Visual Studio Solution File, Format Version 12.00
# Visual Studio Version 17
VisualStudioVersion = 17.5.33627.172
MinimumVisualStudioVersion = 10.0.40219.1
Project("{9A19103F-16F7-4668-BE54-9A1E7A4F7556}") = "DotNetGrill", "DotNetGrill\DotNetGrill.csproj", "{08B213A8-26D6-4526-B48E-49F3F3784A4A}"
EndProject
Project("{FAE04EC0-301F-11D3-BF4B-00C04F79EFBC}") = "DotNetGrillTests", "DotNetGrillTests\DotNetGrillTests.csproj", "{1B777FF3-A928-435A-963F-3F969A8EDC7B}"
EndProject
Global
	GlobalSection(SolutionConfigurationPlatforms) = preSolution
		Debug|Any CPU = Debug|Any CPU
		Release|Any CPU = Release|Any CPU
	EndGlobalSection
	GlobalSection(ProjectConfigurationPlatforms) = postSolution
		{08B213A8-26D6-4526-B48E-49F3F3784A4A}.Debug|Any CPU.ActiveCfg = Debug|Any CPU
		{08B213A8-26D6-4526-B48E-49F3F3784A4A}.Debug|Any CPU.Build.0 = Debug|Any CPU
		{08B213A8-26D6-4526-B48E-49F3F3784A4A}.Release|Any CPU.ActiveCfg = Release|Any CPU
		{08B213A8-26D6-4526-B48E-49F3F3784A4A}.Release|Any CPU.Build.0 = Release|Any CPU
		{1B777FF3-A928-435A-963F-3F969A8EDC7B}.Debug|Any CPU.ActiveCfg = Debug|Any CPU
		{1B777FF3-A928-435A-963F-3F969A8EDC7B}.Debug|Any CPU.Build.0 = Debug|Any CPU
		{1B777FF3-A928-435A-963F-3F969A8EDC7B}.Release|Any CPU.ActiveCfg = Release|Any CPU
		{1B777FF3-A928-435A-963F-3F969A8EDC7B}.Release|Any CPU.Build.0 = Release|Any CPU
	EndGlobalSection
	GlobalSection(SolutionProperties) = preSolution
		HideSolutionNode = FALSE
	EndGlobalSection
	GlobalSection(ExtensibilityGlobals) = postSolution
		SolutionGuid = {966A42A9-D3BD-4057-9A2D-B68DC511ECA8}
	EndGlobalSection
EndGlobal
