
Microsoft Visual Studio Solution File, Format Version 12.00
# Visual Studio Version 17
VisualStudioVersion = 17.8.34408.163
MinimumVisualStudioVersion = 10.0.40219.1
Project("{FAE04EC0-301F-11D3-BF4B-00C04F79EFBC}") = "MyWebAppUI", "MyWebAppUI\MyWebAppUI.csproj", "{F30EFDE4-4E0F-443D-89E9-990C07E67091}"
EndProject
Global
	GlobalSection(SolutionConfigurationPlatforms) = preSolution
		Debug|Any CPU = Debug|Any CPU
		Release|Any CPU = Release|Any CPU
	EndGlobalSection
	GlobalSection(ProjectConfigurationPlatforms) = postSolution
		{F30EFDE4-4E0F-443D-89E9-990C07E67091}.Debug|Any CPU.ActiveCfg = Debug|Any CPU
		{F30EFDE4-4E0F-443D-89E9-990C07E67091}.Debug|Any CPU.Build.0 = Debug|Any CPU
		{F30EFDE4-4E0F-443D-89E9-990C07E67091}.Release|Any CPU.ActiveCfg = Release|Any CPU
		{F30EFDE4-4E0F-443D-89E9-990C07E67091}.Release|Any CPU.Build.0 = Release|Any CPU
	EndGlobalSection
	GlobalSection(SolutionProperties) = preSolution
		HideSolutionNode = FALSE
	EndGlobalSection
	GlobalSection(ExtensibilityGlobals) = postSolution
		SolutionGuid = {CBD38BD0-176A-4607-A317-62940F465E70}
	EndGlobalSection
EndGlobal
