
Microsoft Visual Studio Solution File, Format Version 12.00
# Visual Studio Version 17
VisualStudioVersion = 17.8.34408.163
MinimumVisualStudioVersion = 10.0.40219.1
Project("{FAE04EC0-301F-11D3-BF4B-00C04F79EFBC}") = "WebAppUI", "WebAppUI\WebAppUI.csproj", "{DC5DB988-6A14-42BB-90F4-D0B32AAEB64C}"
EndProject
Project("{FAE04EC0-301F-11D3-BF4B-00C04F79EFBC}") = "WebAppBackend", "WebAppBackend\WebAppBackend.csproj", "{4F2F3118-76F8-48C4-9094-DDFA19584F7F}"
EndProject
Global
	GlobalSection(SolutionConfigurationPlatforms) = preSolution
		Debug|Any CPU = Debug|Any CPU
		Release|Any CPU = Release|Any CPU
	EndGlobalSection
	GlobalSection(ProjectConfigurationPlatforms) = postSolution
		{DC5DB988-6A14-42BB-90F4-D0B32AAEB64C}.Debug|Any CPU.ActiveCfg = Debug|Any CPU
		{DC5DB988-6A14-42BB-90F4-D0B32AAEB64C}.Debug|Any CPU.Build.0 = Debug|Any CPU
		{DC5DB988-6A14-42BB-90F4-D0B32AAEB64C}.Release|Any CPU.ActiveCfg = Release|Any CPU
		{DC5DB988-6A14-42BB-90F4-D0B32AAEB64C}.Release|Any CPU.Build.0 = Release|Any CPU
		{4F2F3118-76F8-48C4-9094-DDFA19584F7F}.Debug|Any CPU.ActiveCfg = Debug|Any CPU
		{4F2F3118-76F8-48C4-9094-DDFA19584F7F}.Debug|Any CPU.Build.0 = Debug|Any CPU
		{4F2F3118-76F8-48C4-9094-DDFA19584F7F}.Release|Any CPU.ActiveCfg = Release|Any CPU
		{4F2F3118-76F8-48C4-9094-DDFA19584F7F}.Release|Any CPU.Build.0 = Release|Any CPU
	EndGlobalSection
	GlobalSection(SolutionProperties) = preSolution
		HideSolutionNode = FALSE
	EndGlobalSection
	GlobalSection(ExtensibilityGlobals) = postSolution
		SolutionGuid = {76AA4A5B-D485-4CF3-937A-10528E5A9173}
	EndGlobalSection
EndGlobal
