
Microsoft Visual Studio Solution File, Format Version 12.00
# Visual Studio Version 17
VisualStudioVersion = 17.9.34701.34
MinimumVisualStudioVersion = 10.0.40219.1
Project("{FAE04EC0-301F-11D3-BF4B-00C04F79EFBC}") = "MyWebAppProject", "MyWebAppProject\MyWebAppProject.csproj", "{5A39F264-7133-4845-8D6E-CBF74FD654F1}"
EndProject
Project("{FAE04EC0-301F-11D3-BF4B-00C04F79EFBC}") = "MyWebAppTests", "MyWebAppTests\MyWebAppTests.csproj", "{D1D6044B-C2D3-47A1-9224-DCEB59E88E09}"
EndProject
Global
	GlobalSection(SolutionConfigurationPlatforms) = preSolution
		Debug|Any CPU = Debug|Any CPU
		Release|Any CPU = Release|Any CPU
	EndGlobalSection
	GlobalSection(ProjectConfigurationPlatforms) = postSolution
		{5A39F264-7133-4845-8D6E-CBF74FD654F1}.Debug|Any CPU.ActiveCfg = Debug|Any CPU
		{5A39F264-7133-4845-8D6E-CBF74FD654F1}.Debug|Any CPU.Build.0 = Debug|Any CPU
		{5A39F264-7133-4845-8D6E-CBF74FD654F1}.Release|Any CPU.ActiveCfg = Release|Any CPU
		{5A39F264-7133-4845-8D6E-CBF74FD654F1}.Release|Any CPU.Build.0 = Release|Any CPU
		{D1D6044B-C2D3-47A1-9224-DCEB59E88E09}.Debug|Any CPU.ActiveCfg = Debug|Any CPU
		{D1D6044B-C2D3-47A1-9224-DCEB59E88E09}.Debug|Any CPU.Build.0 = Debug|Any CPU
		{D1D6044B-C2D3-47A1-9224-DCEB59E88E09}.Release|Any CPU.ActiveCfg = Release|Any CPU
		{D1D6044B-C2D3-47A1-9224-DCEB59E88E09}.Release|Any CPU.Build.0 = Release|Any CPU
	EndGlobalSection
	GlobalSection(SolutionProperties) = preSolution
		HideSolutionNode = FALSE
	EndGlobalSection
	GlobalSection(ExtensibilityGlobals) = postSolution
		SolutionGuid = {EEFAB820-2571-483F-92BB-C67F11F332B8}
	EndGlobalSection
EndGlobal
