
Microsoft Visual Studio Solution File, Format Version 12.00
# Visual Studio Version 17
VisualStudioVersion = 17.5.33627.172
MinimumVisualStudioVersion = 10.0.40219.1
Project("{FAE04EC0-301F-11D3-BF4B-00C04F79EFBC}") = "SecureWebApp", "SecureWebApp\SecureWebApp.csproj", "{5D2D4927-37F2-4FA9-8C64-483DF08BFF1F}"
EndProject
Global
	GlobalSection(SolutionConfigurationPlatforms) = preSolution
		Debug|Any CPU = Debug|Any CPU
		Release|Any CPU = Release|Any CPU
	EndGlobalSection
	GlobalSection(ProjectConfigurationPlatforms) = postSolution
		{5D2D4927-37F2-4FA9-8C64-483DF08BFF1F}.Debug|Any CPU.ActiveCfg = Debug|Any CPU
		{5D2D4927-37F2-4FA9-8C64-483DF08BFF1F}.Debug|Any CPU.Build.0 = Debug|Any CPU
		{5D2D4927-37F2-4FA9-8C64-483DF08BFF1F}.Release|Any CPU.ActiveCfg = Release|Any CPU
		{5D2D4927-37F2-4FA9-8C64-483DF08BFF1F}.Release|Any CPU.Build.0 = Release|Any CPU
	EndGlobalSection
	GlobalSection(SolutionProperties) = preSolution
		HideSolutionNode = FALSE
	EndGlobalSection
	GlobalSection(ExtensibilityGlobals) = postSolution
		SolutionGuid = {916A9016-14E7-4F20-B90C-C2935DF2020D}
	EndGlobalSection
EndGlobal
