
Microsoft Visual Studio Solution File, Format Version 12.00
# Visual Studio Version 17
VisualStudioVersion = 17.9.34701.34
MinimumVisualStudioVersion = 10.0.40219.1
Project("{FAE04EC0-301F-11D3-BF4B-00C04F79EFBC}") = "DotNetGrillWebUI", "DotNetGrillWebUI\DotNetGrillWebUI.csproj", "{8B7F754C-5124-41B6-8552-A698DCCE61EE}"
EndProject
Global
	GlobalSection(SolutionConfigurationPlatforms) = preSolution
		Debug|Any CPU = Debug|Any CPU
		Release|Any CPU = Release|Any CPU
	EndGlobalSection
	GlobalSection(ProjectConfigurationPlatforms) = postSolution
		{8B7F754C-5124-41B6-8552-A698DCCE61EE}.Debug|Any CPU.ActiveCfg = Debug|Any CPU
		{8B7F754C-5124-41B6-8552-A698DCCE61EE}.Debug|Any CPU.Build.0 = Debug|Any CPU
		{8B7F754C-5124-41B6-8552-A698DCCE61EE}.Release|Any CPU.ActiveCfg = Release|Any CPU
		{8B7F754C-5124-41B6-8552-A698DCCE61EE}.Release|Any CPU.Build.0 = Release|Any CPU
	EndGlobalSection
	GlobalSection(SolutionProperties) = preSolution
		HideSolutionNode = FALSE
	EndGlobalSection
	GlobalSection(ExtensibilityGlobals) = postSolution
		SolutionGuid = {75C78291-C83B-400A-9F61-0EB11AAD6D5A}
	EndGlobalSection
EndGlobal
