
Microsoft Visual Studio Solution File, Format Version 12.00
# Visual Studio Version 17
VisualStudioVersion = 17.5.33627.172
MinimumVisualStudioVersion = 10.0.40219.1
Project("{FAE04EC0-301F-11D3-BF4B-00C04F79EFBC}") = "MyFirstWebApp", "MyFirstWebApp\MyFirstWebApp.csproj", "{B16BC773-3663-475C-B795-15A70BEC0726}"
EndProject
Project("{FAE04EC0-301F-11D3-BF4B-00C04F79EFBC}") = "AnotherWebApp", "AnotherWebApp\AnotherWebApp.csproj", "{DC574A3A-27B8-4C01-97CD-1171CD4D03E1}"
EndProject
Global
	GlobalSection(SolutionConfigurationPlatforms) = preSolution
		Debug|Any CPU = Debug|Any CPU
		Release|Any CPU = Release|Any CPU
	EndGlobalSection
	GlobalSection(ProjectConfigurationPlatforms) = postSolution
		{B16BC773-3663-475C-B795-15A70BEC0726}.Debug|Any CPU.ActiveCfg = Debug|Any CPU
		{B16BC773-3663-475C-B795-15A70BEC0726}.Debug|Any CPU.Build.0 = Debug|Any CPU
		{B16BC773-3663-475C-B795-15A70BEC0726}.Release|Any CPU.ActiveCfg = Release|Any CPU
		{B16BC773-3663-475C-B795-15A70BEC0726}.Release|Any CPU.Build.0 = Release|Any CPU
		{DC574A3A-27B8-4C01-97CD-1171CD4D03E1}.Debug|Any CPU.ActiveCfg = Debug|Any CPU
		{DC574A3A-27B8-4C01-97CD-1171CD4D03E1}.Debug|Any CPU.Build.0 = Debug|Any CPU
		{DC574A3A-27B8-4C01-97CD-1171CD4D03E1}.Release|Any CPU.ActiveCfg = Release|Any CPU
		{DC574A3A-27B8-4C01-97CD-1171CD4D03E1}.Release|Any CPU.Build.0 = Release|Any CPU
	EndGlobalSection
	GlobalSection(SolutionProperties) = preSolution
		HideSolutionNode = FALSE
	EndGlobalSection
	GlobalSection(ExtensibilityGlobals) = postSolution
		SolutionGuid = {5DDBC7BC-4A53-4C66-B3B5-D585E3C46A6E}
	EndGlobalSection
EndGlobal
