
Microsoft Visual Studio Solution File, Format Version 12.00
# Visual Studio Version 17
VisualStudioVersion = 17.8.34408.163
MinimumVisualStudioVersion = 10.0.40219.1
Project("{FAE04EC0-301F-11D3-BF4B-00C04F79EFBC}") = "MyWebAppProject", "MyWebAppProject\MyWebAppProject.csproj", "{CDA392FD-0E09-4843-BBEA-770A7C22283F}"
EndProject
Project("{FAE04EC0-301F-11D3-BF4B-00C04F79EFBC}") = "UnitTests", "UnitTests\UnitTests.csproj", "{308AF416-228B-4B76-96A9-B58754AC8C7D}"
EndProject
Project("{FAE04EC0-301F-11D3-BF4B-00C04F79EFBC}") = "MyWebAPIProject", "MyWebAPIProject\MyWebAPIProject.csproj", "{7C10A7C6-2B46-47A9-AF09-1FE665029B80}"
EndProject
Global
	GlobalSection(SolutionConfigurationPlatforms) = preSolution
		Debug|Any CPU = Debug|Any CPU
		Release|Any CPU = Release|Any CPU
	EndGlobalSection
	GlobalSection(ProjectConfigurationPlatforms) = postSolution
		{CDA392FD-0E09-4843-BBEA-770A7C22283F}.Debug|Any CPU.ActiveCfg = Debug|Any CPU
		{CDA392FD-0E09-4843-BBEA-770A7C22283F}.Debug|Any CPU.Build.0 = Debug|Any CPU
		{CDA392FD-0E09-4843-BBEA-770A7C22283F}.Release|Any CPU.ActiveCfg = Release|Any CPU
		{CDA392FD-0E09-4843-BBEA-770A7C22283F}.Release|Any CPU.Build.0 = Release|Any CPU
		{308AF416-228B-4B76-96A9-B58754AC8C7D}.Debug|Any CPU.ActiveCfg = Debug|Any CPU
		{308AF416-228B-4B76-96A9-B58754AC8C7D}.Debug|Any CPU.Build.0 = Debug|Any CPU
		{308AF416-228B-4B76-96A9-B58754AC8C7D}.Release|Any CPU.ActiveCfg = Release|Any CPU
		{308AF416-228B-4B76-96A9-B58754AC8C7D}.Release|Any CPU.Build.0 = Release|Any CPU
		{7C10A7C6-2B46-47A9-AF09-1FE665029B80}.Debug|Any CPU.ActiveCfg = Debug|Any CPU
		{7C10A7C6-2B46-47A9-AF09-1FE665029B80}.Debug|Any CPU.Build.0 = Debug|Any CPU
		{7C10A7C6-2B46-47A9-AF09-1FE665029B80}.Release|Any CPU.ActiveCfg = Release|Any CPU
		{7C10A7C6-2B46-47A9-AF09-1FE665029B80}.Release|Any CPU.Build.0 = Release|Any CPU
	EndGlobalSection
	GlobalSection(SolutionProperties) = preSolution
		HideSolutionNode = FALSE
	EndGlobalSection
	GlobalSection(ExtensibilityGlobals) = postSolution
		SolutionGuid = {C69B9E14-4029-4284-8075-21B2849A44C0}
	EndGlobalSection
EndGlobal
